
Microsoft Visual Studio Solution File, Format Version 12.00
# Visual Studio 15
VisualStudioVersion = 15.0.28307.271
MinimumVisualStudioVersion = 10.0.40219.1
Project("{FAE04EC0-301F-11D3-BF4B-00C04F79EFBC}") = "EstellApi", "EstellApi\EstellApi.csproj", "{DD2ECB46-9FBD-4378-A784-8EB3AF1C63A5}"
EndProject
Global
	GlobalSection(SolutionConfigurationPlatforms) = preSolution
		Debug|Any CPU = Debug|Any CPU
		Release|Any CPU = Release|Any CPU
	EndGlobalSection
	GlobalSection(ProjectConfigurationPlatforms) = postSolution
		{DD2ECB46-9FBD-4378-A784-8EB3AF1C63A5}.Debug|Any CPU.ActiveCfg = Debug|Any CPU
		{DD2ECB46-9FBD-4378-A784-8EB3AF1C63A5}.Debug|Any CPU.Build.0 = Debug|Any CPU
		{DD2ECB46-9FBD-4378-A784-8EB3AF1C63A5}.Release|Any CPU.ActiveCfg = Release|Any CPU
		{DD2ECB46-9FBD-4378-A784-8EB3AF1C63A5}.Release|Any CPU.Build.0 = Release|Any CPU
	EndGlobalSection
	GlobalSection(SolutionProperties) = preSolution
		HideSolutionNode = FALSE
	EndGlobalSection
	GlobalSection(ExtensibilityGlobals) = postSolution
		SolutionGuid = {9BE17F4D-1ABE-4343-B3B9-CE6C588CFF37}
	EndGlobalSection
EndGlobal
